
Microsoft Visual Studio Solution File, Format Version 12.00
# Visual Studio 14
VisualStudioVersion = 14.0.24720.0
MinimumVisualStudioVersion = 10.0.40219.1
Project("{FAE04EC0-301F-11D3-BF4B-00C04F79EFBC}") = "Ch06_PacktLibrary", "Ch06_PacktLibrary\Ch06_PacktLibrary.csproj", "{BF4E1398-EBA9-41B7-BB9A-56CF246500A7}"
EndProject
Project("{FAE04EC0-301F-11D3-BF4B-00C04F79EFBC}") = "Ch06_PeopleApp", "Ch06_PeopleApp\Ch06_PeopleApp.csproj", "{2253F4E8-FE02-4D93-8FC1-E4A5470B7674}"
EndProject
Project("{FAE04EC0-301F-11D3-BF4B-00C04F79EFBC}") = "Ch06_Exercise02", "Ch06_Exercise02\Ch06_Exercise02.csproj", "{2A7B2358-89BF-44D6-88A8-372FC434865E}"
EndProject
Global
	GlobalSection(SolutionConfigurationPlatforms) = preSolution
		Debug|Any CPU = Debug|Any CPU
		Release|Any CPU = Release|Any CPU
	EndGlobalSection
	GlobalSection(ProjectConfigurationPlatforms) = postSolution
		{BF4E1398-EBA9-41B7-BB9A-56CF246500A7}.Debug|Any CPU.ActiveCfg = Debug|Any CPU
		{BF4E1398-EBA9-41B7-BB9A-56CF246500A7}.Debug|Any CPU.Build.0 = Debug|Any CPU
		{BF4E1398-EBA9-41B7-BB9A-56CF246500A7}.Release|Any CPU.ActiveCfg = Release|Any CPU
		{BF4E1398-EBA9-41B7-BB9A-56CF246500A7}.Release|Any CPU.Build.0 = Release|Any CPU
		{2253F4E8-FE02-4D93-8FC1-E4A5470B7674}.Debug|Any CPU.ActiveCfg = Debug|Any CPU
		{2253F4E8-FE02-4D93-8FC1-E4A5470B7674}.Debug|Any CPU.Build.0 = Debug|Any CPU
		{2253F4E8-FE02-4D93-8FC1-E4A5470B7674}.Release|Any CPU.ActiveCfg = Release|Any CPU
		{2253F4E8-FE02-4D93-8FC1-E4A5470B7674}.Release|Any CPU.Build.0 = Release|Any CPU
		{2A7B2358-89BF-44D6-88A8-372FC434865E}.Debug|Any CPU.ActiveCfg = Debug|Any CPU
		{2A7B2358-89BF-44D6-88A8-372FC434865E}.Debug|Any CPU.Build.0 = Debug|Any CPU
		{2A7B2358-89BF-44D6-88A8-372FC434865E}.Release|Any CPU.ActiveCfg = Release|Any CPU
		{2A7B2358-89BF-44D6-88A8-372FC434865E}.Release|Any CPU.Build.0 = Release|Any CPU
	EndGlobalSection
	GlobalSection(SolutionProperties) = preSolution
		HideSolutionNode = FALSE
	EndGlobalSection
EndGlobal
