
Microsoft Visual Studio Solution File, Format Version 12.00
# Visual Studio 14
VisualStudioVersion = 14.0.24720.0
MinimumVisualStudioVersion = 10.0.40219.1
Project("{FAE04EC0-301F-11D3-BF4B-00C04F79EFBC}") = "Ch04_AssembliesAndNamespaces", "Ch04_AssembliesAndNamespaces\Ch04_AssembliesAndNamespaces.csproj", "{0C28DC7C-186E-4B81-BE87-C5D2A3C86E38}"
EndProject
Project("{FAE04EC0-301F-11D3-BF4B-00C04F79EFBC}") = "Ch04_ManipulatingText", "Ch04_ManipulatingText\Ch04_ManipulatingText.csproj", "{359DB991-E985-4F01-BD05-6F1B4C6A381B}"
EndProject
Project("{FAE04EC0-301F-11D3-BF4B-00C04F79EFBC}") = "Ch04_RegularExpressions", "Ch04_RegularExpressions\Ch04_RegularExpressions.csproj", "{1EB08A0E-8FF7-4212-9EE6-CB8C7B083389}"
EndProject
Project("{FAE04EC0-301F-11D3-BF4B-00C04F79EFBC}") = "Ch04_Lists", "Ch04_Lists\Ch04_Lists.csproj", "{91DE820D-4FE6-4047-AAB8-D245A39E2189}"
EndProject
Project("{FAE04EC0-301F-11D3-BF4B-00C04F79EFBC}") = "Ch04_Dictionaries", "Ch04_Dictionaries\Ch04_Dictionaries.csproj", "{098C3F28-2C20-4D4F-8191-00D062D9367E}"
EndProject
Project("{FAE04EC0-301F-11D3-BF4B-00C04F79EFBC}") = "Ch04_Exercise02", "Ch04_Exercise02\Ch04_Exercise02.csproj", "{953BB1D7-B50A-4EA8-BA1C-1DF0552D98E7}"
EndProject
Global
	GlobalSection(SolutionConfigurationPlatforms) = preSolution
		Debug|Any CPU = Debug|Any CPU
		Release|Any CPU = Release|Any CPU
	EndGlobalSection
	GlobalSection(ProjectConfigurationPlatforms) = postSolution
		{0C28DC7C-186E-4B81-BE87-C5D2A3C86E38}.Debug|Any CPU.ActiveCfg = Debug|Any CPU
		{0C28DC7C-186E-4B81-BE87-C5D2A3C86E38}.Debug|Any CPU.Build.0 = Debug|Any CPU
		{0C28DC7C-186E-4B81-BE87-C5D2A3C86E38}.Release|Any CPU.ActiveCfg = Release|Any CPU
		{0C28DC7C-186E-4B81-BE87-C5D2A3C86E38}.Release|Any CPU.Build.0 = Release|Any CPU
		{359DB991-E985-4F01-BD05-6F1B4C6A381B}.Debug|Any CPU.ActiveCfg = Debug|Any CPU
		{359DB991-E985-4F01-BD05-6F1B4C6A381B}.Debug|Any CPU.Build.0 = Debug|Any CPU
		{359DB991-E985-4F01-BD05-6F1B4C6A381B}.Release|Any CPU.ActiveCfg = Release|Any CPU
		{359DB991-E985-4F01-BD05-6F1B4C6A381B}.Release|Any CPU.Build.0 = Release|Any CPU
		{1EB08A0E-8FF7-4212-9EE6-CB8C7B083389}.Debug|Any CPU.ActiveCfg = Debug|Any CPU
		{1EB08A0E-8FF7-4212-9EE6-CB8C7B083389}.Debug|Any CPU.Build.0 = Debug|Any CPU
		{1EB08A0E-8FF7-4212-9EE6-CB8C7B083389}.Release|Any CPU.ActiveCfg = Release|Any CPU
		{1EB08A0E-8FF7-4212-9EE6-CB8C7B083389}.Release|Any CPU.Build.0 = Release|Any CPU
		{91DE820D-4FE6-4047-AAB8-D245A39E2189}.Debug|Any CPU.ActiveCfg = Debug|Any CPU
		{91DE820D-4FE6-4047-AAB8-D245A39E2189}.Debug|Any CPU.Build.0 = Debug|Any CPU
		{91DE820D-4FE6-4047-AAB8-D245A39E2189}.Release|Any CPU.ActiveCfg = Release|Any CPU
		{91DE820D-4FE6-4047-AAB8-D245A39E2189}.Release|Any CPU.Build.0 = Release|Any CPU
		{098C3F28-2C20-4D4F-8191-00D062D9367E}.Debug|Any CPU.ActiveCfg = Debug|Any CPU
		{098C3F28-2C20-4D4F-8191-00D062D9367E}.Debug|Any CPU.Build.0 = Debug|Any CPU
		{098C3F28-2C20-4D4F-8191-00D062D9367E}.Release|Any CPU.ActiveCfg = Release|Any CPU
		{098C3F28-2C20-4D4F-8191-00D062D9367E}.Release|Any CPU.Build.0 = Release|Any CPU
		{953BB1D7-B50A-4EA8-BA1C-1DF0552D98E7}.Debug|Any CPU.ActiveCfg = Debug|Any CPU
		{953BB1D7-B50A-4EA8-BA1C-1DF0552D98E7}.Debug|Any CPU.Build.0 = Debug|Any CPU
		{953BB1D7-B50A-4EA8-BA1C-1DF0552D98E7}.Release|Any CPU.ActiveCfg = Release|Any CPU
		{953BB1D7-B50A-4EA8-BA1C-1DF0552D98E7}.Release|Any CPU.Build.0 = Release|Any CPU
	EndGlobalSection
	GlobalSection(SolutionProperties) = preSolution
		HideSolutionNode = FALSE
	EndGlobalSection
EndGlobal
