
Microsoft Visual Studio Solution File, Format Version 12.00
# Visual Studio 14
VisualStudioVersion = 14.0.24720.0
MinimumVisualStudioVersion = 10.0.40219.1
Project("{2150E333-8FDC-42A3-9474-1A3956D46DE8}") = "src", "src", "{AB9B61F2-0793-47BA-A3EA-F38A6C121F32}"
EndProject
Project("{2150E333-8FDC-42A3-9474-1A3956D46DE8}") = "Solution Items", "Solution Items", "{0C1648DB-56D7-448E-8A56-73C4096F84C3}"
	ProjectSection(SolutionItems) = preProject
		global.json = global.json
	EndProjectSection
EndProject
Project("{8BB2217D-0F2D-49D1-97BC-3654ED321F3B}") = "Ch14_WebApp", "src\Ch14_WebApp\Ch14_WebApp.xproj", "{B6A33AF4-AC62-4B64-B958-A0986B27BBC1}"
EndProject
Project("{FAE04EC0-301F-11D3-BF4B-00C04F79EFBC}") = "Ch14_WinApp", "Ch14_WinApp\Ch14_WinApp.csproj", "{40A0FC63-8B42-447B-BFA1-92F536ADD643}"
EndProject
Global
	GlobalSection(SolutionConfigurationPlatforms) = preSolution
		Debug|Any CPU = Debug|Any CPU
		Debug|ARM = Debug|ARM
		Debug|x64 = Debug|x64
		Debug|x86 = Debug|x86
		Release|Any CPU = Release|Any CPU
		Release|ARM = Release|ARM
		Release|x64 = Release|x64
		Release|x86 = Release|x86
	EndGlobalSection
	GlobalSection(ProjectConfigurationPlatforms) = postSolution
		{B6A33AF4-AC62-4B64-B958-A0986B27BBC1}.Debug|Any CPU.ActiveCfg = Debug|Any CPU
		{B6A33AF4-AC62-4B64-B958-A0986B27BBC1}.Debug|Any CPU.Build.0 = Debug|Any CPU
		{B6A33AF4-AC62-4B64-B958-A0986B27BBC1}.Debug|ARM.ActiveCfg = Debug|Any CPU
		{B6A33AF4-AC62-4B64-B958-A0986B27BBC1}.Debug|ARM.Build.0 = Debug|Any CPU
		{B6A33AF4-AC62-4B64-B958-A0986B27BBC1}.Debug|x64.ActiveCfg = Debug|Any CPU
		{B6A33AF4-AC62-4B64-B958-A0986B27BBC1}.Debug|x64.Build.0 = Debug|Any CPU
		{B6A33AF4-AC62-4B64-B958-A0986B27BBC1}.Debug|x86.ActiveCfg = Debug|Any CPU
		{B6A33AF4-AC62-4B64-B958-A0986B27BBC1}.Debug|x86.Build.0 = Debug|Any CPU
		{B6A33AF4-AC62-4B64-B958-A0986B27BBC1}.Release|Any CPU.ActiveCfg = Release|Any CPU
		{B6A33AF4-AC62-4B64-B958-A0986B27BBC1}.Release|Any CPU.Build.0 = Release|Any CPU
		{B6A33AF4-AC62-4B64-B958-A0986B27BBC1}.Release|ARM.ActiveCfg = Release|Any CPU
		{B6A33AF4-AC62-4B64-B958-A0986B27BBC1}.Release|ARM.Build.0 = Release|Any CPU
		{B6A33AF4-AC62-4B64-B958-A0986B27BBC1}.Release|x64.ActiveCfg = Release|Any CPU
		{B6A33AF4-AC62-4B64-B958-A0986B27BBC1}.Release|x64.Build.0 = Release|Any CPU
		{B6A33AF4-AC62-4B64-B958-A0986B27BBC1}.Release|x86.ActiveCfg = Release|Any CPU
		{B6A33AF4-AC62-4B64-B958-A0986B27BBC1}.Release|x86.Build.0 = Release|Any CPU
		{40A0FC63-8B42-447B-BFA1-92F536ADD643}.Debug|Any CPU.ActiveCfg = Debug|x86
		{40A0FC63-8B42-447B-BFA1-92F536ADD643}.Debug|ARM.ActiveCfg = Debug|ARM
		{40A0FC63-8B42-447B-BFA1-92F536ADD643}.Debug|ARM.Build.0 = Debug|ARM
		{40A0FC63-8B42-447B-BFA1-92F536ADD643}.Debug|ARM.Deploy.0 = Debug|ARM
		{40A0FC63-8B42-447B-BFA1-92F536ADD643}.Debug|x64.ActiveCfg = Debug|x64
		{40A0FC63-8B42-447B-BFA1-92F536ADD643}.Debug|x64.Build.0 = Debug|x64
		{40A0FC63-8B42-447B-BFA1-92F536ADD643}.Debug|x64.Deploy.0 = Debug|x64
		{40A0FC63-8B42-447B-BFA1-92F536ADD643}.Debug|x86.ActiveCfg = Debug|x86
		{40A0FC63-8B42-447B-BFA1-92F536ADD643}.Debug|x86.Build.0 = Debug|x86
		{40A0FC63-8B42-447B-BFA1-92F536ADD643}.Debug|x86.Deploy.0 = Debug|x86
		{40A0FC63-8B42-447B-BFA1-92F536ADD643}.Release|Any CPU.ActiveCfg = Release|x86
		{40A0FC63-8B42-447B-BFA1-92F536ADD643}.Release|ARM.ActiveCfg = Release|ARM
		{40A0FC63-8B42-447B-BFA1-92F536ADD643}.Release|ARM.Build.0 = Release|ARM
		{40A0FC63-8B42-447B-BFA1-92F536ADD643}.Release|ARM.Deploy.0 = Release|ARM
		{40A0FC63-8B42-447B-BFA1-92F536ADD643}.Release|x64.ActiveCfg = Release|x64
		{40A0FC63-8B42-447B-BFA1-92F536ADD643}.Release|x64.Build.0 = Release|x64
		{40A0FC63-8B42-447B-BFA1-92F536ADD643}.Release|x64.Deploy.0 = Release|x64
		{40A0FC63-8B42-447B-BFA1-92F536ADD643}.Release|x86.ActiveCfg = Release|x86
		{40A0FC63-8B42-447B-BFA1-92F536ADD643}.Release|x86.Build.0 = Release|x86
		{40A0FC63-8B42-447B-BFA1-92F536ADD643}.Release|x86.Deploy.0 = Release|x86
	EndGlobalSection
	GlobalSection(SolutionProperties) = preSolution
		HideSolutionNode = FALSE
	EndGlobalSection
	GlobalSection(NestedProjects) = preSolution
		{B6A33AF4-AC62-4B64-B958-A0986B27BBC1} = {AB9B61F2-0793-47BA-A3EA-F38A6C121F32}
	EndGlobalSection
EndGlobal
