
Microsoft Visual Studio Solution File, Format Version 12.00
# Visual Studio 14
VisualStudioVersion = 14.0.24720.0
MinimumVisualStudioVersion = 10.0.40219.1
Project("{FAE04EC0-301F-11D3-BF4B-00C04F79EFBC}") = "Ch13_WPF", "Ch13_WPF\Ch13_WPF.csproj", "{8789AB3C-BA94-4FA7-8679-9F4624B51CDD}"
EndProject
Project("{FAE04EC0-301F-11D3-BF4B-00C04F79EFBC}") = "Ch13_UWP", "Ch13_UWP\Ch13_UWP.csproj", "{FD647BA9-FAC8-44DF-8EC7-7FC51349B9EE}"
EndProject
Project("{FAE04EC0-301F-11D3-BF4B-00C04F79EFBC}") = "Ch13_DataBinding", "Ch13_DataBinding\Ch13_DataBinding.csproj", "{273316EE-6073-44BC-A8CE-374FCEAFFCA5}"
EndProject
Project("{FAE04EC0-301F-11D3-BF4B-00C04F79EFBC}") = "Ch13_BouncingBall", "Ch13_BouncingBall\Ch13_BouncingBall.csproj", "{A442DEF9-4483-4193-8880-E297848FC8AC}"
EndProject
Global
	GlobalSection(SolutionConfigurationPlatforms) = preSolution
		Debug|Any CPU = Debug|Any CPU
		Debug|ARM = Debug|ARM
		Debug|x64 = Debug|x64
		Debug|x86 = Debug|x86
		Release|Any CPU = Release|Any CPU
		Release|ARM = Release|ARM
		Release|x64 = Release|x64
		Release|x86 = Release|x86
	EndGlobalSection
	GlobalSection(ProjectConfigurationPlatforms) = postSolution
		{8789AB3C-BA94-4FA7-8679-9F4624B51CDD}.Debug|Any CPU.ActiveCfg = Debug|Any CPU
		{8789AB3C-BA94-4FA7-8679-9F4624B51CDD}.Debug|Any CPU.Build.0 = Debug|Any CPU
		{8789AB3C-BA94-4FA7-8679-9F4624B51CDD}.Debug|ARM.ActiveCfg = Debug|Any CPU
		{8789AB3C-BA94-4FA7-8679-9F4624B51CDD}.Debug|ARM.Build.0 = Debug|Any CPU
		{8789AB3C-BA94-4FA7-8679-9F4624B51CDD}.Debug|x64.ActiveCfg = Debug|Any CPU
		{8789AB3C-BA94-4FA7-8679-9F4624B51CDD}.Debug|x64.Build.0 = Debug|Any CPU
		{8789AB3C-BA94-4FA7-8679-9F4624B51CDD}.Debug|x86.ActiveCfg = Debug|Any CPU
		{8789AB3C-BA94-4FA7-8679-9F4624B51CDD}.Debug|x86.Build.0 = Debug|Any CPU
		{8789AB3C-BA94-4FA7-8679-9F4624B51CDD}.Release|Any CPU.ActiveCfg = Release|Any CPU
		{8789AB3C-BA94-4FA7-8679-9F4624B51CDD}.Release|Any CPU.Build.0 = Release|Any CPU
		{8789AB3C-BA94-4FA7-8679-9F4624B51CDD}.Release|ARM.ActiveCfg = Release|Any CPU
		{8789AB3C-BA94-4FA7-8679-9F4624B51CDD}.Release|ARM.Build.0 = Release|Any CPU
		{8789AB3C-BA94-4FA7-8679-9F4624B51CDD}.Release|x64.ActiveCfg = Release|Any CPU
		{8789AB3C-BA94-4FA7-8679-9F4624B51CDD}.Release|x64.Build.0 = Release|Any CPU
		{8789AB3C-BA94-4FA7-8679-9F4624B51CDD}.Release|x86.ActiveCfg = Release|Any CPU
		{8789AB3C-BA94-4FA7-8679-9F4624B51CDD}.Release|x86.Build.0 = Release|Any CPU
		{FD647BA9-FAC8-44DF-8EC7-7FC51349B9EE}.Debug|Any CPU.ActiveCfg = Debug|x86
		{FD647BA9-FAC8-44DF-8EC7-7FC51349B9EE}.Debug|ARM.ActiveCfg = Debug|ARM
		{FD647BA9-FAC8-44DF-8EC7-7FC51349B9EE}.Debug|ARM.Build.0 = Debug|ARM
		{FD647BA9-FAC8-44DF-8EC7-7FC51349B9EE}.Debug|ARM.Deploy.0 = Debug|ARM
		{FD647BA9-FAC8-44DF-8EC7-7FC51349B9EE}.Debug|x64.ActiveCfg = Debug|x64
		{FD647BA9-FAC8-44DF-8EC7-7FC51349B9EE}.Debug|x64.Build.0 = Debug|x64
		{FD647BA9-FAC8-44DF-8EC7-7FC51349B9EE}.Debug|x64.Deploy.0 = Debug|x64
		{FD647BA9-FAC8-44DF-8EC7-7FC51349B9EE}.Debug|x86.ActiveCfg = Debug|x86
		{FD647BA9-FAC8-44DF-8EC7-7FC51349B9EE}.Debug|x86.Build.0 = Debug|x86
		{FD647BA9-FAC8-44DF-8EC7-7FC51349B9EE}.Debug|x86.Deploy.0 = Debug|x86
		{FD647BA9-FAC8-44DF-8EC7-7FC51349B9EE}.Release|Any CPU.ActiveCfg = Release|x86
		{FD647BA9-FAC8-44DF-8EC7-7FC51349B9EE}.Release|ARM.ActiveCfg = Release|ARM
		{FD647BA9-FAC8-44DF-8EC7-7FC51349B9EE}.Release|ARM.Build.0 = Release|ARM
		{FD647BA9-FAC8-44DF-8EC7-7FC51349B9EE}.Release|ARM.Deploy.0 = Release|ARM
		{FD647BA9-FAC8-44DF-8EC7-7FC51349B9EE}.Release|x64.ActiveCfg = Release|x64
		{FD647BA9-FAC8-44DF-8EC7-7FC51349B9EE}.Release|x64.Build.0 = Release|x64
		{FD647BA9-FAC8-44DF-8EC7-7FC51349B9EE}.Release|x64.Deploy.0 = Release|x64
		{FD647BA9-FAC8-44DF-8EC7-7FC51349B9EE}.Release|x86.ActiveCfg = Release|x86
		{FD647BA9-FAC8-44DF-8EC7-7FC51349B9EE}.Release|x86.Build.0 = Release|x86
		{FD647BA9-FAC8-44DF-8EC7-7FC51349B9EE}.Release|x86.Deploy.0 = Release|x86
		{273316EE-6073-44BC-A8CE-374FCEAFFCA5}.Debug|Any CPU.ActiveCfg = Debug|x86
		{273316EE-6073-44BC-A8CE-374FCEAFFCA5}.Debug|ARM.ActiveCfg = Debug|ARM
		{273316EE-6073-44BC-A8CE-374FCEAFFCA5}.Debug|ARM.Build.0 = Debug|ARM
		{273316EE-6073-44BC-A8CE-374FCEAFFCA5}.Debug|ARM.Deploy.0 = Debug|ARM
		{273316EE-6073-44BC-A8CE-374FCEAFFCA5}.Debug|x64.ActiveCfg = Debug|x64
		{273316EE-6073-44BC-A8CE-374FCEAFFCA5}.Debug|x64.Build.0 = Debug|x64
		{273316EE-6073-44BC-A8CE-374FCEAFFCA5}.Debug|x64.Deploy.0 = Debug|x64
		{273316EE-6073-44BC-A8CE-374FCEAFFCA5}.Debug|x86.ActiveCfg = Debug|x86
		{273316EE-6073-44BC-A8CE-374FCEAFFCA5}.Debug|x86.Build.0 = Debug|x86
		{273316EE-6073-44BC-A8CE-374FCEAFFCA5}.Debug|x86.Deploy.0 = Debug|x86
		{273316EE-6073-44BC-A8CE-374FCEAFFCA5}.Release|Any CPU.ActiveCfg = Release|x86
		{273316EE-6073-44BC-A8CE-374FCEAFFCA5}.Release|ARM.ActiveCfg = Release|ARM
		{273316EE-6073-44BC-A8CE-374FCEAFFCA5}.Release|ARM.Build.0 = Release|ARM
		{273316EE-6073-44BC-A8CE-374FCEAFFCA5}.Release|ARM.Deploy.0 = Release|ARM
		{273316EE-6073-44BC-A8CE-374FCEAFFCA5}.Release|x64.ActiveCfg = Release|x64
		{273316EE-6073-44BC-A8CE-374FCEAFFCA5}.Release|x64.Build.0 = Release|x64
		{273316EE-6073-44BC-A8CE-374FCEAFFCA5}.Release|x64.Deploy.0 = Release|x64
		{273316EE-6073-44BC-A8CE-374FCEAFFCA5}.Release|x86.ActiveCfg = Release|x86
		{273316EE-6073-44BC-A8CE-374FCEAFFCA5}.Release|x86.Build.0 = Release|x86
		{273316EE-6073-44BC-A8CE-374FCEAFFCA5}.Release|x86.Deploy.0 = Release|x86
		{A442DEF9-4483-4193-8880-E297848FC8AC}.Debug|Any CPU.ActiveCfg = Debug|x86
		{A442DEF9-4483-4193-8880-E297848FC8AC}.Debug|ARM.ActiveCfg = Debug|ARM
		{A442DEF9-4483-4193-8880-E297848FC8AC}.Debug|ARM.Build.0 = Debug|ARM
		{A442DEF9-4483-4193-8880-E297848FC8AC}.Debug|ARM.Deploy.0 = Debug|ARM
		{A442DEF9-4483-4193-8880-E297848FC8AC}.Debug|x64.ActiveCfg = Debug|x64
		{A442DEF9-4483-4193-8880-E297848FC8AC}.Debug|x64.Build.0 = Debug|x64
		{A442DEF9-4483-4193-8880-E297848FC8AC}.Debug|x64.Deploy.0 = Debug|x64
		{A442DEF9-4483-4193-8880-E297848FC8AC}.Debug|x86.ActiveCfg = Debug|x86
		{A442DEF9-4483-4193-8880-E297848FC8AC}.Debug|x86.Build.0 = Debug|x86
		{A442DEF9-4483-4193-8880-E297848FC8AC}.Debug|x86.Deploy.0 = Debug|x86
		{A442DEF9-4483-4193-8880-E297848FC8AC}.Release|Any CPU.ActiveCfg = Release|x86
		{A442DEF9-4483-4193-8880-E297848FC8AC}.Release|ARM.ActiveCfg = Release|ARM
		{A442DEF9-4483-4193-8880-E297848FC8AC}.Release|ARM.Build.0 = Release|ARM
		{A442DEF9-4483-4193-8880-E297848FC8AC}.Release|ARM.Deploy.0 = Release|ARM
		{A442DEF9-4483-4193-8880-E297848FC8AC}.Release|x64.ActiveCfg = Release|x64
		{A442DEF9-4483-4193-8880-E297848FC8AC}.Release|x64.Build.0 = Release|x64
		{A442DEF9-4483-4193-8880-E297848FC8AC}.Release|x64.Deploy.0 = Release|x64
		{A442DEF9-4483-4193-8880-E297848FC8AC}.Release|x86.ActiveCfg = Release|x86
		{A442DEF9-4483-4193-8880-E297848FC8AC}.Release|x86.Build.0 = Release|x86
		{A442DEF9-4483-4193-8880-E297848FC8AC}.Release|x86.Deploy.0 = Release|x86
	EndGlobalSection
	GlobalSection(SolutionProperties) = preSolution
		HideSolutionNode = FALSE
	EndGlobalSection
EndGlobal
