
Microsoft Visual Studio Solution File, Format Version 12.00
# Visual Studio 14
VisualStudioVersion = 14.0.24720.0
MinimumVisualStudioVersion = 10.0.40219.1
Project("{2150E333-8FDC-42A3-9474-1A3956D46DE8}") = "src", "src", "{D524AB20-5720-47ED-88DD-B9387741A82B}"
EndProject
Project("{2150E333-8FDC-42A3-9474-1A3956D46DE8}") = "Solution Items", "Solution Items", "{F8EBC7B3-123D-4CBC-8B9F-A26BEFE18AA1}"
	ProjectSection(SolutionItems) = preProject
		global.json = global.json
	EndProjectSection
EndProject
Project("{8BB2217D-0F2D-49D1-97BC-3654ED321F3B}") = "Ch16_QuizModels", "src\Ch16_QuizModels\Ch16_QuizModels.xproj", "{76A3D4BD-DA3A-4EE6-910F-BCA64AFABC2A}"
EndProject
Project("{8BB2217D-0F2D-49D1-97BC-3654ED321F3B}") = "Ch16_QuizRepository", "src\Ch16_QuizRepository\Ch16_QuizRepository.xproj", "{E58627DD-EFFA-4304-AC9A-99A3532C49DF}"
EndProject
Project("{8BB2217D-0F2D-49D1-97BC-3654ED321F3B}") = "Ch16_QuizWebApp", "src\Ch16_QuizWebApp\Ch16_QuizWebApp.xproj", "{AC57CB1D-FBBD-4174-941A-25D3BCEC7F97}"
EndProject
Global
	GlobalSection(SolutionConfigurationPlatforms) = preSolution
		Debug|Any CPU = Debug|Any CPU
		Release|Any CPU = Release|Any CPU
	EndGlobalSection
	GlobalSection(ProjectConfigurationPlatforms) = postSolution
		{76A3D4BD-DA3A-4EE6-910F-BCA64AFABC2A}.Debug|Any CPU.ActiveCfg = Debug|Any CPU
		{76A3D4BD-DA3A-4EE6-910F-BCA64AFABC2A}.Debug|Any CPU.Build.0 = Debug|Any CPU
		{76A3D4BD-DA3A-4EE6-910F-BCA64AFABC2A}.Release|Any CPU.ActiveCfg = Release|Any CPU
		{76A3D4BD-DA3A-4EE6-910F-BCA64AFABC2A}.Release|Any CPU.Build.0 = Release|Any CPU
		{E58627DD-EFFA-4304-AC9A-99A3532C49DF}.Debug|Any CPU.ActiveCfg = Debug|Any CPU
		{E58627DD-EFFA-4304-AC9A-99A3532C49DF}.Debug|Any CPU.Build.0 = Debug|Any CPU
		{E58627DD-EFFA-4304-AC9A-99A3532C49DF}.Release|Any CPU.ActiveCfg = Release|Any CPU
		{E58627DD-EFFA-4304-AC9A-99A3532C49DF}.Release|Any CPU.Build.0 = Release|Any CPU
		{AC57CB1D-FBBD-4174-941A-25D3BCEC7F97}.Debug|Any CPU.ActiveCfg = Debug|Any CPU
		{AC57CB1D-FBBD-4174-941A-25D3BCEC7F97}.Debug|Any CPU.Build.0 = Debug|Any CPU
		{AC57CB1D-FBBD-4174-941A-25D3BCEC7F97}.Release|Any CPU.ActiveCfg = Release|Any CPU
		{AC57CB1D-FBBD-4174-941A-25D3BCEC7F97}.Release|Any CPU.Build.0 = Release|Any CPU
	EndGlobalSection
	GlobalSection(SolutionProperties) = preSolution
		HideSolutionNode = FALSE
	EndGlobalSection
	GlobalSection(NestedProjects) = preSolution
		{76A3D4BD-DA3A-4EE6-910F-BCA64AFABC2A} = {D524AB20-5720-47ED-88DD-B9387741A82B}
		{E58627DD-EFFA-4304-AC9A-99A3532C49DF} = {D524AB20-5720-47ED-88DD-B9387741A82B}
		{AC57CB1D-FBBD-4174-941A-25D3BCEC7F97} = {D524AB20-5720-47ED-88DD-B9387741A82B}
	EndGlobalSection
EndGlobal
